
Microsoft Visual Studio Solution File, Format Version 12.00
# Visual Studio Version 17
VisualStudioVersion = 17.1.32210.238
MinimumVisualStudioVersion = 10.0.40219.1
Project("{FAE04EC0-301F-11D3-BF4B-00C04F79EFBC}") = "Bai01", "Bai01\Bai01.csproj", "{1DD46B8C-28AC-4FAD-B8EC-49791522CF68}"
EndProject
Project("{FAE04EC0-301F-11D3-BF4B-00C04F79EFBC}") = "Bai02", "Bai02\Bai02.csproj", "{045F0B89-31A6-4920-A054-B60DE613AE6A}"
EndProject
Project("{FAE04EC0-301F-11D3-BF4B-00C04F79EFBC}") = "Bai_03", "Bai_03\Bai_03.csproj", "{706EB4A8-914D-488E-8422-0A6813CF2F8E}"
EndProject
Project("{FAE04EC0-301F-11D3-BF4B-00C04F79EFBC}") = "Bai_04", "Bai_04\Bai_04.csproj", "{6FAA5301-279D-45CC-B860-3474A237791A}"
EndProject
Project("{FAE04EC0-301F-11D3-BF4B-00C04F79EFBC}") = "Bai05", "Bai05\Bai05.csproj", "{37ABCA20-B090-478E-9A1D-6BC873CC940E}"
EndProject
Project("{FAE04EC0-301F-11D3-BF4B-00C04F79EFBC}") = "Bai06", "Bai06\Bai06.csproj", "{603622F6-8C1D-4AE5-854D-6185015E338C}"
EndProject
Global
	GlobalSection(SolutionConfigurationPlatforms) = preSolution
		Debug|Any CPU = Debug|Any CPU
		Release|Any CPU = Release|Any CPU
	EndGlobalSection
	GlobalSection(ProjectConfigurationPlatforms) = postSolution
		{1DD46B8C-28AC-4FAD-B8EC-49791522CF68}.Debug|Any CPU.ActiveCfg = Debug|Any CPU
		{1DD46B8C-28AC-4FAD-B8EC-49791522CF68}.Debug|Any CPU.Build.0 = Debug|Any CPU
		{1DD46B8C-28AC-4FAD-B8EC-49791522CF68}.Release|Any CPU.ActiveCfg = Release|Any CPU
		{1DD46B8C-28AC-4FAD-B8EC-49791522CF68}.Release|Any CPU.Build.0 = Release|Any CPU
		{045F0B89-31A6-4920-A054-B60DE613AE6A}.Debug|Any CPU.ActiveCfg = Debug|Any CPU
		{045F0B89-31A6-4920-A054-B60DE613AE6A}.Debug|Any CPU.Build.0 = Debug|Any CPU
		{045F0B89-31A6-4920-A054-B60DE613AE6A}.Release|Any CPU.ActiveCfg = Release|Any CPU
		{045F0B89-31A6-4920-A054-B60DE613AE6A}.Release|Any CPU.Build.0 = Release|Any CPU
		{706EB4A8-914D-488E-8422-0A6813CF2F8E}.Debug|Any CPU.ActiveCfg = Debug|Any CPU
		{706EB4A8-914D-488E-8422-0A6813CF2F8E}.Debug|Any CPU.Build.0 = Debug|Any CPU
		{706EB4A8-914D-488E-8422-0A6813CF2F8E}.Release|Any CPU.ActiveCfg = Release|Any CPU
		{706EB4A8-914D-488E-8422-0A6813CF2F8E}.Release|Any CPU.Build.0 = Release|Any CPU
		{6FAA5301-279D-45CC-B860-3474A237791A}.Debug|Any CPU.ActiveCfg = Debug|Any CPU
		{6FAA5301-279D-45CC-B860-3474A237791A}.Debug|Any CPU.Build.0 = Debug|Any CPU
		{6FAA5301-279D-45CC-B860-3474A237791A}.Release|Any CPU.ActiveCfg = Release|Any CPU
		{6FAA5301-279D-45CC-B860-3474A237791A}.Release|Any CPU.Build.0 = Release|Any CPU
		{37ABCA20-B090-478E-9A1D-6BC873CC940E}.Debug|Any CPU.ActiveCfg = Debug|Any CPU
		{37ABCA20-B090-478E-9A1D-6BC873CC940E}.Debug|Any CPU.Build.0 = Debug|Any CPU
		{37ABCA20-B090-478E-9A1D-6BC873CC940E}.Release|Any CPU.ActiveCfg = Release|Any CPU
		{37ABCA20-B090-478E-9A1D-6BC873CC940E}.Release|Any CPU.Build.0 = Release|Any CPU
		{603622F6-8C1D-4AE5-854D-6185015E338C}.Debug|Any CPU.ActiveCfg = Debug|Any CPU
		{603622F6-8C1D-4AE5-854D-6185015E338C}.Debug|Any CPU.Build.0 = Debug|Any CPU
		{603622F6-8C1D-4AE5-854D-6185015E338C}.Release|Any CPU.ActiveCfg = Release|Any CPU
		{603622F6-8C1D-4AE5-854D-6185015E338C}.Release|Any CPU.Build.0 = Release|Any CPU
	EndGlobalSection
	GlobalSection(SolutionProperties) = preSolution
		HideSolutionNode = FALSE
	EndGlobalSection
	GlobalSection(ExtensibilityGlobals) = postSolution
		SolutionGuid = {DB714951-0EDA-470B-AF35-5ED77CA8950C}
	EndGlobalSection
EndGlobal
